github.com/golang/geo v0.0.0-20250504065118-0e612851eaff h1:mQw8kQ+UqRu/NnrwMjM6fyECL2RDSwFtgTdj0LbvdWw=
github.com/golang/geo v0.0.0-20250504065118-0e612851eaff/go.mod h1:Vaw7L5b+xa3Rj4/pRtrQkymn3lSBRB/NAEdbF9YEVLA=
github.com/google/go-cmp v0.7.0 h1:wk8382ETsv4JYUZwIsn6YpYiWiBsYLSJiTsyBybVuN8=
github.com/google/go-cmp v0.7.0/go.mod h1:pXiqmnSA92OHEEa9HXL2W4E7lf9JzCmGVUdgjX3N/iU=
